
Microsoft Visual Studio Solution File, Format Version 12.00
# Visual Studio 15
Project("{FAE04EC0-301F-11D3-BF4B-00C04F79EFBC}") = "BandAPI", "BandAPI\BandAPI.csproj", "{B26C6765-DB9C-44A7-8165-3F88A9CCF1D0}"
EndProject
Global
	GlobalSection(SolutionConfigurationPlatforms) = preSolution
		Debug|Any CPU = Debug|Any CPU
		Release|Any CPU = Release|Any CPU
	EndGlobalSection
	GlobalSection(ProjectConfigurationPlatforms) = postSolution
		{B26C6765-DB9C-44A7-8165-3F88A9CCF1D0}.Debug|Any CPU.ActiveCfg = Debug|Any CPU
		{B26C6765-DB9C-44A7-8165-3F88A9CCF1D0}.Debug|Any CPU.Build.0 = Debug|Any CPU
		{B26C6765-DB9C-44A7-8165-3F88A9CCF1D0}.Release|Any CPU.ActiveCfg = Release|Any CPU
		{B26C6765-DB9C-44A7-8165-3F88A9CCF1D0}.Release|Any CPU.Build.0 = Release|Any CPU
	EndGlobalSection
EndGlobal
